github.com/brianvoe/gofakeit v3.18.0+incompatible h1:wDOmHc9DLG4nRjUVVaxA+CEglKOW72Y5+4WNxUIkjM8=
github.com/brianvoe/gofakeit v3.18.0+incompatible/go.mod h1:kfwdRA90vvNhPutZWfH7WPaDzUjz+CZFqG+rPkOjGOc=
github.com/tkrajina/golongfuncs v0.0.0-20180102174943-93b85646b7b9 h1:9Ppo5tq2KQ7AbE1FC97UPT2VmwdVtEHfMZDKtNJucl8=
github.com/tkrajina/golongfuncs v0.0.0-20180102174943-93b85646b7b9/go.mod h1:q9gnVPeLLraBR+Kj31Gfs5ok4rdZKwUh2e8cMWHhfLI=
